
Microsoft Visual Studio Solution File, Format Version 12.00
# Visual Studio 2013
VisualStudioVersion = 12.0.31101.0
MinimumVisualStudioVersion = 10.0.40219.1
Project("{FAE04EC0-301F-11D3-BF4B-00C04F79EFBC}") = "ES.MSOffice", "Es.LinqToExcel\ES.MSOffice.csproj", "{627FEB10-D0AD-4A87-AB3D-1CFC3018E84D}"
EndProject
Project("{FAE04EC0-301F-11D3-BF4B-00C04F79EFBC}") = "ES.Business", "Es.Business\ES.Business.csproj", "{43CED733-9E89-4270-B5AB-893846F9826D}"
EndProject
Project("{FAE04EC0-301F-11D3-BF4B-00C04F79EFBC}") = "HG.Tools", "HG.Tools\HG.Tools.csproj", "{EE29FF43-0A4A-4322-89DD-847DC11F2359}"
EndProject
Project("{FAE04EC0-301F-11D3-BF4B-00C04F79EFBC}") = "WPF.MDI", "WPF.MDI\WPF.MDI.csproj", "{BE1ED569-5E0B-4DF0-8964-33AD2AAE4C4A}"
EndProject
Project("{2150E333-8FDC-42A3-9474-1A3956D46DE8}") = "UI", "UI", "{9AD1B220-48A3-43C2-8347-2F3560C5A742}"
EndProject
Project("{FAE04EC0-301F-11D3-BF4B-00C04F79EFBC}") = "CustomControls", "CustomControls\CustomControls.csproj", "{FC8CCD6D-7A06-43A1-BDE5-2024A408DE1D}"
EndProject
Project("{FAE04EC0-301F-11D3-BF4B-00C04F79EFBC}") = "Shared", "Shared\Shared.csproj", "{EC37832A-A5EE-41B9-BFAF-1929A7E43755}"
EndProject
Project("{FAE04EC0-301F-11D3-BF4B-00C04F79EFBC}") = "GongSolutions.Wpf.DragDrop", "GongSolutions.Wpf.DragDrop\GongSolutions.Wpf.DragDrop.csproj", "{0C6674CC-6D49-414A-9B41-D4E175028FFB}"
EndProject
Project("{2150E333-8FDC-42A3-9474-1A3956D46DE8}") = "Secutity", "Secutity", "{06501F49-2306-4A46-A424-7C09F3679240}"
EndProject
Project("{FAE04EC0-301F-11D3-BF4B-00C04F79EFBC}") = "LocalizationResources", "LocalizationResources\LocalizationResources.csproj", "{C7EBAD5A-05AE-49B9-AFC5-ED9A5820C41D}"
EndProject
Project("{FAE04EC0-301F-11D3-BF4B-00C04F79EFBC}") = "CodeGenerator", "CodeGenerator\CodeGenerator.csproj", "{C6603745-93B9-49C0-B90D-CA0791A87106}"
EndProject
Project("{FAE04EC0-301F-11D3-BF4B-00C04F79EFBC}") = "UserControls", "UserControls\UserControls.csproj", "{FB4CAC1B-F794-454C-AB58-908E3C679685}"
EndProject
Project("{FAE04EC0-301F-11D3-BF4B-00C04F79EFBC}") = "DatabaseManagement", "DatabaseManagement\DatabaseManagement.csproj", "{E126DBAC-9A65-4663-AC38-C1DBBD6063FC}"
EndProject
Project("{FAE04EC0-301F-11D3-BF4B-00C04F79EFBC}") = "ResourceLibrary", "Library\ResourceLibrary.csproj", "{51CE13E1-AD7E-4CBC-B907-4AF2E39B26BB}"
EndProject
Project("{FAE04EC0-301F-11D3-BF4B-00C04F79EFBC}") = "Zen.Barcode", "Zen.Barcode\Zen.Barcode.csproj", "{7F497E2D-106F-46F1-B80F-BBA14241A9CF}"
EndProject
Project("{FAE04EC0-301F-11D3-BF4B-00C04F79EFBC}") = "ES.Data", "ES.Data\ES.Data.csproj", "{CE538C7E-FFEE-4B16-A6E6-8B6E64F43E0F}"
EndProject
Project("{FAE04EC0-301F-11D3-BF4B-00C04F79EFBC}") = "ES.Service.ECR", "ES.Service.ECR\ES.Service.ECR.csproj", "{04F9C87A-3888-414C-AE97-E5160F32F1BF}"
EndProject
Project("{2150E333-8FDC-42A3-9474-1A3956D46DE8}") = "Services", "Services", "{A2B9F0DE-837F-4A59-9C4D-8881ED979474}"
EndProject
Project("{2150E333-8FDC-42A3-9474-1A3956D46DE8}") = "Installers", "Installers", "{51950061-B9A4-4695-AB13-4BA0A5668113}"
EndProject
Project("{FAE04EC0-301F-11D3-BF4B-00C04F79EFBC}") = "Xceed.Wpf.AvalonDock", "Xceed.Wpf.AvalonDock\Xceed.Wpf.AvalonDock.csproj", "{DB81988F-E0F2-45A0-A1FD-8C37F3D35244}"
EndProject
Project("{FAE04EC0-301F-11D3-BF4B-00C04F79EFBC}") = "ES.Market", "ES.Market\ES.Market.csproj", "{05AE8764-EB14-4846-95F9-1677EF72C0FC}"
EndProject
Project("{FAE04EC0-301F-11D3-BF4B-00C04F79EFBC}") = "ES.Login", "ES.Login\ES.Login.csproj", "{930287ED-1E76-478A-B140-CA1705DE7B96}"
EndProject
Project("{FAE04EC0-301F-11D3-BF4B-00C04F79EFBC}") = "ES.DataAccess", "ES.DataAccess\ES.DataAccess.csproj", "{A425B85D-C3EB-4BCC-B307-17DAAEE9237D}"
EndProject
Project("{FAE04EC0-301F-11D3-BF4B-00C04F79EFBC}") = "ES.Common", "ES.Common\ES.Common.csproj", "{7BAA5615-1224-4F30-8E69-8EC0B3C1E5AB}"
EndProject
Project("{FAE04EC0-301F-11D3-BF4B-00C04F79EFBC}") = "ES.DataUpdate", "ES.DataUpdate\ES.DataUpdate.csproj", "{BA62E2B2-7F7C-4F0B-B1E9-CC3F719614CF}"
EndProject
Global
	GlobalSection(SolutionConfigurationPlatforms) = preSolution
		Debug|Any CPU = Debug|Any CPU
		Debug|Mixed Platforms = Debug|Mixed Platforms
		Debug|x86 = Debug|x86
		Release|Any CPU = Release|Any CPU
		Release|Mixed Platforms = Release|Mixed Platforms
		Release|x86 = Release|x86
		Signed Release x64|Any CPU = Signed Release x64|Any CPU
		Signed Release x64|Mixed Platforms = Signed Release x64|Mixed Platforms
		Signed Release x64|x86 = Signed Release x64|x86
		Signed Release|Any CPU = Signed Release|Any CPU
		Signed Release|Mixed Platforms = Signed Release|Mixed Platforms
		Signed Release|x86 = Signed Release|x86
	EndGlobalSection
	GlobalSection(ProjectConfigurationPlatforms) = postSolution
		{627FEB10-D0AD-4A87-AB3D-1CFC3018E84D}.Debug|Any CPU.ActiveCfg = Debug|Any CPU
		{627FEB10-D0AD-4A87-AB3D-1CFC3018E84D}.Debug|Any CPU.Build.0 = Debug|Any CPU
		{627FEB10-D0AD-4A87-AB3D-1CFC3018E84D}.Debug|Mixed Platforms.ActiveCfg = Debug|Any CPU
		{627FEB10-D0AD-4A87-AB3D-1CFC3018E84D}.Debug|Mixed Platforms.Build.0 = Debug|Any CPU
		{627FEB10-D0AD-4A87-AB3D-1CFC3018E84D}.Debug|x86.ActiveCfg = Debug|Any CPU
		{627FEB10-D0AD-4A87-AB3D-1CFC3018E84D}.Release|Any CPU.ActiveCfg = Release|Any CPU
		{627FEB10-D0AD-4A87-AB3D-1CFC3018E84D}.Release|Any CPU.Build.0 = Release|Any CPU
		{627FEB10-D0AD-4A87-AB3D-1CFC3018E84D}.Release|Mixed Platforms.ActiveCfg = Release|Any CPU
		{627FEB10-D0AD-4A87-AB3D-1CFC3018E84D}.Release|Mixed Platforms.Build.0 = Release|Any CPU
		{627FEB10-D0AD-4A87-AB3D-1CFC3018E84D}.Release|x86.ActiveCfg = Release|Any CPU
		{627FEB10-D0AD-4A87-AB3D-1CFC3018E84D}.Signed Release x64|Any CPU.ActiveCfg = Release|Any CPU
		{627FEB10-D0AD-4A87-AB3D-1CFC3018E84D}.Signed Release x64|Any CPU.Build.0 = Release|Any CPU
		{627FEB10-D0AD-4A87-AB3D-1CFC3018E84D}.Signed Release x64|Mixed Platforms.ActiveCfg = Release|Any CPU
		{627FEB10-D0AD-4A87-AB3D-1CFC3018E84D}.Signed Release x64|Mixed Platforms.Build.0 = Release|Any CPU
		{627FEB10-D0AD-4A87-AB3D-1CFC3018E84D}.Signed Release x64|x86.ActiveCfg = Release|Any CPU
		{627FEB10-D0AD-4A87-AB3D-1CFC3018E84D}.Signed Release|Any CPU.ActiveCfg = Release|Any CPU
		{627FEB10-D0AD-4A87-AB3D-1CFC3018E84D}.Signed Release|Any CPU.Build.0 = Release|Any CPU
		{627FEB10-D0AD-4A87-AB3D-1CFC3018E84D}.Signed Release|Mixed Platforms.ActiveCfg = Release|Any CPU
		{627FEB10-D0AD-4A87-AB3D-1CFC3018E84D}.Signed Release|Mixed Platforms.Build.0 = Release|Any CPU
		{627FEB10-D0AD-4A87-AB3D-1CFC3018E84D}.Signed Release|x86.ActiveCfg = Release|Any CPU
		{43CED733-9E89-4270-B5AB-893846F9826D}.Debug|Any CPU.ActiveCfg = Debug|Any CPU
		{43CED733-9E89-4270-B5AB-893846F9826D}.Debug|Any CPU.Build.0 = Debug|Any CPU
		{43CED733-9E89-4270-B5AB-893846F9826D}.Debug|Mixed Platforms.ActiveCfg = Debug|Any CPU
		{43CED733-9E89-4270-B5AB-893846F9826D}.Debug|Mixed Platforms.Build.0 = Debug|Any CPU
		{43CED733-9E89-4270-B5AB-893846F9826D}.Debug|x86.ActiveCfg = Debug|Any CPU
		{43CED733-9E89-4270-B5AB-893846F9826D}.Release|Any CPU.ActiveCfg = Release|Any CPU
		{43CED733-9E89-4270-B5AB-893846F9826D}.Release|Any CPU.Build.0 = Release|Any CPU
		{43CED733-9E89-4270-B5AB-893846F9826D}.Release|Mixed Platforms.ActiveCfg = Release|Any CPU
		{43CED733-9E89-4270-B5AB-893846F9826D}.Release|Mixed Platforms.Build.0 = Release|Any CPU
		{43CED733-9E89-4270-B5AB-893846F9826D}.Release|x86.ActiveCfg = Release|Any CPU
		{43CED733-9E89-4270-B5AB-893846F9826D}.Signed Release x64|Any CPU.ActiveCfg = Release|Any CPU
		{43CED733-9E89-4270-B5AB-893846F9826D}.Signed Release x64|Any CPU.Build.0 = Release|Any CPU
		{43CED733-9E89-4270-B5AB-893846F9826D}.Signed Release x64|Mixed Platforms.ActiveCfg = Release|Any CPU
		{43CED733-9E89-4270-B5AB-893846F9826D}.Signed Release x64|Mixed Platforms.Build.0 = Release|Any CPU
		{43CED733-9E89-4270-B5AB-893846F9826D}.Signed Release x64|x86.ActiveCfg = Release|Any CPU
		{43CED733-9E89-4270-B5AB-893846F9826D}.Signed Release|Any CPU.ActiveCfg = Release|Any CPU
		{43CED733-9E89-4270-B5AB-893846F9826D}.Signed Release|Any CPU.Build.0 = Release|Any CPU
		{43CED733-9E89-4270-B5AB-893846F9826D}.Signed Release|Mixed Platforms.ActiveCfg = Release|Any CPU
		{43CED733-9E89-4270-B5AB-893846F9826D}.Signed Release|Mixed Platforms.Build.0 = Release|Any CPU
		{43CED733-9E89-4270-B5AB-893846F9826D}.Signed Release|x86.ActiveCfg = Release|Any CPU
		{EE29FF43-0A4A-4322-89DD-847DC11F2359}.Debug|Any CPU.ActiveCfg = Debug|Any CPU
		{EE29FF43-0A4A-4322-89DD-847DC11F2359}.Debug|Any CPU.Build.0 = Debug|Any CPU
		{EE29FF43-0A4A-4322-89DD-847DC11F2359}.Debug|Mixed Platforms.ActiveCfg = Debug|Any CPU
		{EE29FF43-0A4A-4322-89DD-847DC11F2359}.Debug|Mixed Platforms.Build.0 = Debug|Any CPU
		{EE29FF43-0A4A-4322-89DD-847DC11F2359}.Debug|x86.ActiveCfg = Debug|Any CPU
		{EE29FF43-0A4A-4322-89DD-847DC11F2359}.Release|Any CPU.ActiveCfg = Release|Any CPU
		{EE29FF43-0A4A-4322-89DD-847DC11F2359}.Release|Any CPU.Build.0 = Release|Any CPU
		{EE29FF43-0A4A-4322-89DD-847DC11F2359}.Release|Mixed Platforms.ActiveCfg = Release|Any CPU
		{EE29FF43-0A4A-4322-89DD-847DC11F2359}.Release|Mixed Platforms.Build.0 = Release|Any CPU
		{EE29FF43-0A4A-4322-89DD-847DC11F2359}.Release|x86.ActiveCfg = Release|Any CPU
		{EE29FF43-0A4A-4322-89DD-847DC11F2359}.Signed Release x64|Any CPU.ActiveCfg = Release|Any CPU
		{EE29FF43-0A4A-4322-89DD-847DC11F2359}.Signed Release x64|Any CPU.Build.0 = Release|Any CPU
		{EE29FF43-0A4A-4322-89DD-847DC11F2359}.Signed Release x64|Mixed Platforms.ActiveCfg = Release|Any CPU
		{EE29FF43-0A4A-4322-89DD-847DC11F2359}.Signed Release x64|Mixed Platforms.Build.0 = Release|Any CPU
		{EE29FF43-0A4A-4322-89DD-847DC11F2359}.Signed Release x64|x86.ActiveCfg = Release|Any CPU
		{EE29FF43-0A4A-4322-89DD-847DC11F2359}.Signed Release|Any CPU.ActiveCfg = Release|Any CPU
		{EE29FF43-0A4A-4322-89DD-847DC11F2359}.Signed Release|Any CPU.Build.0 = Release|Any CPU
		{EE29FF43-0A4A-4322-89DD-847DC11F2359}.Signed Release|Mixed Platforms.ActiveCfg = Release|Any CPU
		{EE29FF43-0A4A-4322-89DD-847DC11F2359}.Signed Release|Mixed Platforms.Build.0 = Release|Any CPU
		{EE29FF43-0A4A-4322-89DD-847DC11F2359}.Signed Release|x86.ActiveCfg = Release|Any CPU
		{BE1ED569-5E0B-4DF0-8964-33AD2AAE4C4A}.Debug|Any CPU.ActiveCfg = Debug|Any CPU
		{BE1ED569-5E0B-4DF0-8964-33AD2AAE4C4A}.Debug|Any CPU.Build.0 = Debug|Any CPU
		{BE1ED569-5E0B-4DF0-8964-33AD2AAE4C4A}.Debug|Mixed Platforms.ActiveCfg = Debug|Any CPU
		{BE1ED569-5E0B-4DF0-8964-33AD2AAE4C4A}.Debug|Mixed Platforms.Build.0 = Debug|Any CPU
		{BE1ED569-5E0B-4DF0-8964-33AD2AAE4C4A}.Debug|x86.ActiveCfg = Debug|Any CPU
		{BE1ED569-5E0B-4DF0-8964-33AD2AAE4C4A}.Release|Any CPU.ActiveCfg = Release|Any CPU
		{BE1ED569-5E0B-4DF0-8964-33AD2AAE4C4A}.Release|Any CPU.Build.0 = Release|Any CPU
		{BE1ED569-5E0B-4DF0-8964-33AD2AAE4C4A}.Release|Mixed Platforms.ActiveCfg = Release|Any CPU
		{BE1ED569-5E0B-4DF0-8964-33AD2AAE4C4A}.Release|Mixed Platforms.Build.0 = Release|Any CPU
		{BE1ED569-5E0B-4DF0-8964-33AD2AAE4C4A}.Release|x86.ActiveCfg = Release|Any CPU
		{BE1ED569-5E0B-4DF0-8964-33AD2AAE4C4A}.Signed Release x64|Any CPU.ActiveCfg = Release|Any CPU
		{BE1ED569-5E0B-4DF0-8964-33AD2AAE4C4A}.Signed Release x64|Any CPU.Build.0 = Release|Any CPU
		{BE1ED569-5E0B-4DF0-8964-33AD2AAE4C4A}.Signed Release x64|Mixed Platforms.ActiveCfg = Release|Any CPU
		{BE1ED569-5E0B-4DF0-8964-33AD2AAE4C4A}.Signed Release x64|Mixed Platforms.Build.0 = Release|Any CPU
		{BE1ED569-5E0B-4DF0-8964-33AD2AAE4C4A}.Signed Release x64|x86.ActiveCfg = Release|Any CPU
		{BE1ED569-5E0B-4DF0-8964-33AD2AAE4C4A}.Signed Release|Any CPU.ActiveCfg = Release|Any CPU
		{BE1ED569-5E0B-4DF0-8964-33AD2AAE4C4A}.Signed Release|Any CPU.Build.0 = Release|Any CPU
		{BE1ED569-5E0B-4DF0-8964-33AD2AAE4C4A}.Signed Release|Mixed Platforms.ActiveCfg = Release|Any CPU
		{BE1ED569-5E0B-4DF0-8964-33AD2AAE4C4A}.Signed Release|Mixed Platforms.Build.0 = Release|Any CPU
		{BE1ED569-5E0B-4DF0-8964-33AD2AAE4C4A}.Signed Release|x86.ActiveCfg = Release|Any CPU
		{FC8CCD6D-7A06-43A1-BDE5-2024A408DE1D}.Debug|Any CPU.ActiveCfg = Debug|Any CPU
		{FC8CCD6D-7A06-43A1-BDE5-2024A408DE1D}.Debug|Any CPU.Build.0 = Debug|Any CPU
		{FC8CCD6D-7A06-43A1-BDE5-2024A408DE1D}.Debug|Mixed Platforms.ActiveCfg = Debug|Any CPU
		{FC8CCD6D-7A06-43A1-BDE5-2024A408DE1D}.Debug|Mixed Platforms.Build.0 = Debug|Any CPU
		{FC8CCD6D-7A06-43A1-BDE5-2024A408DE1D}.Debug|x86.ActiveCfg = Debug|Any CPU
		{FC8CCD6D-7A06-43A1-BDE5-2024A408DE1D}.Release|Any CPU.ActiveCfg = Release|Any CPU
		{FC8CCD6D-7A06-43A1-BDE5-2024A408DE1D}.Release|Any CPU.Build.0 = Release|Any CPU
		{FC8CCD6D-7A06-43A1-BDE5-2024A408DE1D}.Release|Mixed Platforms.ActiveCfg = Release|Any CPU
		{FC8CCD6D-7A06-43A1-BDE5-2024A408DE1D}.Release|Mixed Platforms.Build.0 = Release|Any CPU
		{FC8CCD6D-7A06-43A1-BDE5-2024A408DE1D}.Release|x86.ActiveCfg = Release|Any CPU
		{FC8CCD6D-7A06-43A1-BDE5-2024A408DE1D}.Signed Release x64|Any CPU.ActiveCfg = Release|Any CPU
		{FC8CCD6D-7A06-43A1-BDE5-2024A408DE1D}.Signed Release x64|Any CPU.Build.0 = Release|Any CPU
		{FC8CCD6D-7A06-43A1-BDE5-2024A408DE1D}.Signed Release x64|Mixed Platforms.ActiveCfg = Release|Any CPU
		{FC8CCD6D-7A06-43A1-BDE5-2024A408DE1D}.Signed Release x64|Mixed Platforms.Build.0 = Release|Any CPU
		{FC8CCD6D-7A06-43A1-BDE5-2024A408DE1D}.Signed Release x64|x86.ActiveCfg = Release|Any CPU
		{FC8CCD6D-7A06-43A1-BDE5-2024A408DE1D}.Signed Release|Any CPU.ActiveCfg = Release|Any CPU
		{FC8CCD6D-7A06-43A1-BDE5-2024A408DE1D}.Signed Release|Any CPU.Build.0 = Release|Any CPU
		{FC8CCD6D-7A06-43A1-BDE5-2024A408DE1D}.Signed Release|Mixed Platforms.ActiveCfg = Release|Any CPU
		{FC8CCD6D-7A06-43A1-BDE5-2024A408DE1D}.Signed Release|Mixed Platforms.Build.0 = Release|Any CPU
		{FC8CCD6D-7A06-43A1-BDE5-2024A408DE1D}.Signed Release|x86.ActiveCfg = Release|Any CPU
		{EC37832A-A5EE-41B9-BFAF-1929A7E43755}.Debug|Any CPU.ActiveCfg = Debug|Any CPU
		{EC37832A-A5EE-41B9-BFAF-1929A7E43755}.Debug|Any CPU.Build.0 = Debug|Any CPU
		{EC37832A-A5EE-41B9-BFAF-1929A7E43755}.Debug|Mixed Platforms.ActiveCfg = Debug|Any CPU
		{EC37832A-A5EE-41B9-BFAF-1929A7E43755}.Debug|Mixed Platforms.Build.0 = Debug|Any CPU
		{EC37832A-A5EE-41B9-BFAF-1929A7E43755}.Debug|x86.ActiveCfg = Debug|Any CPU
		{EC37832A-A5EE-41B9-BFAF-1929A7E43755}.Release|Any CPU.ActiveCfg = Release|Any CPU
		{EC37832A-A5EE-41B9-BFAF-1929A7E43755}.Release|Any CPU.Build.0 = Release|Any CPU
		{EC37832A-A5EE-41B9-BFAF-1929A7E43755}.Release|Mixed Platforms.ActiveCfg = Release|Any CPU
		{EC37832A-A5EE-41B9-BFAF-1929A7E43755}.Release|Mixed Platforms.Build.0 = Release|Any CPU
		{EC37832A-A5EE-41B9-BFAF-1929A7E43755}.Release|x86.ActiveCfg = Release|Any CPU
		{EC37832A-A5EE-41B9-BFAF-1929A7E43755}.Signed Release x64|Any CPU.ActiveCfg = Release|Any CPU
		{EC37832A-A5EE-41B9-BFAF-1929A7E43755}.Signed Release x64|Any CPU.Build.0 = Release|Any CPU
		{EC37832A-A5EE-41B9-BFAF-1929A7E43755}.Signed Release x64|Mixed Platforms.ActiveCfg = Release|Any CPU
		{EC37832A-A5EE-41B9-BFAF-1929A7E43755}.Signed Release x64|Mixed Platforms.Build.0 = Release|Any CPU
		{EC37832A-A5EE-41B9-BFAF-1929A7E43755}.Signed Release x64|x86.ActiveCfg = Release|Any CPU
		{EC37832A-A5EE-41B9-BFAF-1929A7E43755}.Signed Release|Any CPU.ActiveCfg = Release|Any CPU
		{EC37832A-A5EE-41B9-BFAF-1929A7E43755}.Signed Release|Any CPU.Build.0 = Release|Any CPU
		{EC37832A-A5EE-41B9-BFAF-1929A7E43755}.Signed Release|Mixed Platforms.ActiveCfg = Release|Any CPU
		{EC37832A-A5EE-41B9-BFAF-1929A7E43755}.Signed Release|Mixed Platforms.Build.0 = Release|Any CPU
		{EC37832A-A5EE-41B9-BFAF-1929A7E43755}.Signed Release|x86.ActiveCfg = Release|Any CPU
		{0C6674CC-6D49-414A-9B41-D4E175028FFB}.Debug|Any CPU.ActiveCfg = Debug|Any CPU
		{0C6674CC-6D49-414A-9B41-D4E175028FFB}.Debug|Any CPU.Build.0 = Debug|Any CPU
		{0C6674CC-6D49-414A-9B41-D4E175028FFB}.Debug|Mixed Platforms.ActiveCfg = Debug|Any CPU
		{0C6674CC-6D49-414A-9B41-D4E175028FFB}.Debug|Mixed Platforms.Build.0 = Debug|Any CPU
		{0C6674CC-6D49-414A-9B41-D4E175028FFB}.Debug|x86.ActiveCfg = Debug|Any CPU
		{0C6674CC-6D49-414A-9B41-D4E175028FFB}.Release|Any CPU.ActiveCfg = Release|Any CPU
		{0C6674CC-6D49-414A-9B41-D4E175028FFB}.Release|Any CPU.Build.0 = Release|Any CPU
		{0C6674CC-6D49-414A-9B41-D4E175028FFB}.Release|Mixed Platforms.ActiveCfg = Release|Any CPU
		{0C6674CC-6D49-414A-9B41-D4E175028FFB}.Release|Mixed Platforms.Build.0 = Release|Any CPU
		{0C6674CC-6D49-414A-9B41-D4E175028FFB}.Release|x86.ActiveCfg = Release|Any CPU
		{0C6674CC-6D49-414A-9B41-D4E175028FFB}.Signed Release x64|Any CPU.ActiveCfg = Release|Any CPU
		{0C6674CC-6D49-414A-9B41-D4E175028FFB}.Signed Release x64|Any CPU.Build.0 = Release|Any CPU
		{0C6674CC-6D49-414A-9B41-D4E175028FFB}.Signed Release x64|Mixed Platforms.ActiveCfg = Release|Any CPU
		{0C6674CC-6D49-414A-9B41-D4E175028FFB}.Signed Release x64|Mixed Platforms.Build.0 = Release|Any CPU
		{0C6674CC-6D49-414A-9B41-D4E175028FFB}.Signed Release x64|x86.ActiveCfg = Release|Any CPU
		{0C6674CC-6D49-414A-9B41-D4E175028FFB}.Signed Release|Any CPU.ActiveCfg = Release|Any CPU
		{0C6674CC-6D49-414A-9B41-D4E175028FFB}.Signed Release|Any CPU.Build.0 = Release|Any CPU
		{0C6674CC-6D49-414A-9B41-D4E175028FFB}.Signed Release|Mixed Platforms.ActiveCfg = Release|Any CPU
		{0C6674CC-6D49-414A-9B41-D4E175028FFB}.Signed Release|Mixed Platforms.Build.0 = Release|Any CPU
		{0C6674CC-6D49-414A-9B41-D4E175028FFB}.Signed Release|x86.ActiveCfg = Release|Any CPU
		{C7EBAD5A-05AE-49B9-AFC5-ED9A5820C41D}.Debug|Any CPU.ActiveCfg = Debug|Any CPU
		{C7EBAD5A-05AE-49B9-AFC5-ED9A5820C41D}.Debug|Any CPU.Build.0 = Debug|Any CPU
		{C7EBAD5A-05AE-49B9-AFC5-ED9A5820C41D}.Debug|Mixed Platforms.ActiveCfg = Debug|Any CPU
		{C7EBAD5A-05AE-49B9-AFC5-ED9A5820C41D}.Debug|Mixed Platforms.Build.0 = Debug|Any CPU
		{C7EBAD5A-05AE-49B9-AFC5-ED9A5820C41D}.Debug|x86.ActiveCfg = Debug|Any CPU
		{C7EBAD5A-05AE-49B9-AFC5-ED9A5820C41D}.Release|Any CPU.ActiveCfg = Release|Any CPU
		{C7EBAD5A-05AE-49B9-AFC5-ED9A5820C41D}.Release|Any CPU.Build.0 = Release|Any CPU
		{C7EBAD5A-05AE-49B9-AFC5-ED9A5820C41D}.Release|Mixed Platforms.ActiveCfg = Release|Any CPU
		{C7EBAD5A-05AE-49B9-AFC5-ED9A5820C41D}.Release|Mixed Platforms.Build.0 = Release|Any CPU
		{C7EBAD5A-05AE-49B9-AFC5-ED9A5820C41D}.Release|x86.ActiveCfg = Release|Any CPU
		{C7EBAD5A-05AE-49B9-AFC5-ED9A5820C41D}.Signed Release x64|Any CPU.ActiveCfg = Release|Any CPU
		{C7EBAD5A-05AE-49B9-AFC5-ED9A5820C41D}.Signed Release x64|Any CPU.Build.0 = Release|Any CPU
		{C7EBAD5A-05AE-49B9-AFC5-ED9A5820C41D}.Signed Release x64|Mixed Platforms.ActiveCfg = Release|Any CPU
		{C7EBAD5A-05AE-49B9-AFC5-ED9A5820C41D}.Signed Release x64|Mixed Platforms.Build.0 = Release|Any CPU
		{C7EBAD5A-05AE-49B9-AFC5-ED9A5820C41D}.Signed Release x64|x86.ActiveCfg = Release|Any CPU
		{C7EBAD5A-05AE-49B9-AFC5-ED9A5820C41D}.Signed Release|Any CPU.ActiveCfg = Release|Any CPU
		{C7EBAD5A-05AE-49B9-AFC5-ED9A5820C41D}.Signed Release|Any CPU.Build.0 = Release|Any CPU
		{C7EBAD5A-05AE-49B9-AFC5-ED9A5820C41D}.Signed Release|Mixed Platforms.ActiveCfg = Release|Any CPU
		{C7EBAD5A-05AE-49B9-AFC5-ED9A5820C41D}.Signed Release|Mixed Platforms.Build.0 = Release|Any CPU
		{C7EBAD5A-05AE-49B9-AFC5-ED9A5820C41D}.Signed Release|x86.ActiveCfg = Release|Any CPU
		{C6603745-93B9-49C0-B90D-CA0791A87106}.Debug|Any CPU.ActiveCfg = Debug|x86
		{C6603745-93B9-49C0-B90D-CA0791A87106}.Debug|Mixed Platforms.ActiveCfg = Debug|x86
		{C6603745-93B9-49C0-B90D-CA0791A87106}.Debug|Mixed Platforms.Build.0 = Debug|x86
		{C6603745-93B9-49C0-B90D-CA0791A87106}.Debug|x86.ActiveCfg = Debug|x86
		{C6603745-93B9-49C0-B90D-CA0791A87106}.Debug|x86.Build.0 = Debug|x86
		{C6603745-93B9-49C0-B90D-CA0791A87106}.Release|Any CPU.ActiveCfg = Release|x86
		{C6603745-93B9-49C0-B90D-CA0791A87106}.Release|Mixed Platforms.ActiveCfg = Release|x86
		{C6603745-93B9-49C0-B90D-CA0791A87106}.Release|Mixed Platforms.Build.0 = Release|x86
		{C6603745-93B9-49C0-B90D-CA0791A87106}.Release|x86.ActiveCfg = Release|x86
		{C6603745-93B9-49C0-B90D-CA0791A87106}.Release|x86.Build.0 = Release|x86
		{C6603745-93B9-49C0-B90D-CA0791A87106}.Signed Release x64|Any CPU.ActiveCfg = Release|x86
		{C6603745-93B9-49C0-B90D-CA0791A87106}.Signed Release x64|Mixed Platforms.ActiveCfg = Release|x86
		{C6603745-93B9-49C0-B90D-CA0791A87106}.Signed Release x64|Mixed Platforms.Build.0 = Release|x86
		{C6603745-93B9-49C0-B90D-CA0791A87106}.Signed Release x64|x86.ActiveCfg = Release|x86
		{C6603745-93B9-49C0-B90D-CA0791A87106}.Signed Release x64|x86.Build.0 = Release|x86
		{C6603745-93B9-49C0-B90D-CA0791A87106}.Signed Release|Any CPU.ActiveCfg = Release|x86
		{C6603745-93B9-49C0-B90D-CA0791A87106}.Signed Release|Mixed Platforms.ActiveCfg = Release|x86
		{C6603745-93B9-49C0-B90D-CA0791A87106}.Signed Release|Mixed Platforms.Build.0 = Release|x86
		{C6603745-93B9-49C0-B90D-CA0791A87106}.Signed Release|x86.ActiveCfg = Release|x86
		{C6603745-93B9-49C0-B90D-CA0791A87106}.Signed Release|x86.Build.0 = Release|x86
		{FB4CAC1B-F794-454C-AB58-908E3C679685}.Debug|Any CPU.ActiveCfg = Debug|Any CPU
		{FB4CAC1B-F794-454C-AB58-908E3C679685}.Debug|Any CPU.Build.0 = Debug|Any CPU
		{FB4CAC1B-F794-454C-AB58-908E3C679685}.Debug|Mixed Platforms.ActiveCfg = Debug|Any CPU
		{FB4CAC1B-F794-454C-AB58-908E3C679685}.Debug|Mixed Platforms.Build.0 = Debug|Any CPU
		{FB4CAC1B-F794-454C-AB58-908E3C679685}.Debug|x86.ActiveCfg = Debug|Any CPU
		{FB4CAC1B-F794-454C-AB58-908E3C679685}.Release|Any CPU.ActiveCfg = Release|Any CPU
		{FB4CAC1B-F794-454C-AB58-908E3C679685}.Release|Any CPU.Build.0 = Release|Any CPU
		{FB4CAC1B-F794-454C-AB58-908E3C679685}.Release|Mixed Platforms.ActiveCfg = Release|Any CPU
		{FB4CAC1B-F794-454C-AB58-908E3C679685}.Release|Mixed Platforms.Build.0 = Release|Any CPU
		{FB4CAC1B-F794-454C-AB58-908E3C679685}.Release|x86.ActiveCfg = Release|Any CPU
		{FB4CAC1B-F794-454C-AB58-908E3C679685}.Signed Release x64|Any CPU.ActiveCfg = Release|Any CPU
		{FB4CAC1B-F794-454C-AB58-908E3C679685}.Signed Release x64|Any CPU.Build.0 = Release|Any CPU
		{FB4CAC1B-F794-454C-AB58-908E3C679685}.Signed Release x64|Mixed Platforms.ActiveCfg = Release|Any CPU
		{FB4CAC1B-F794-454C-AB58-908E3C679685}.Signed Release x64|Mixed Platforms.Build.0 = Release|Any CPU
		{FB4CAC1B-F794-454C-AB58-908E3C679685}.Signed Release x64|x86.ActiveCfg = Release|Any CPU
		{FB4CAC1B-F794-454C-AB58-908E3C679685}.Signed Release|Any CPU.ActiveCfg = Release|Any CPU
		{FB4CAC1B-F794-454C-AB58-908E3C679685}.Signed Release|Any CPU.Build.0 = Release|Any CPU
		{FB4CAC1B-F794-454C-AB58-908E3C679685}.Signed Release|Mixed Platforms.ActiveCfg = Release|Any CPU
		{FB4CAC1B-F794-454C-AB58-908E3C679685}.Signed Release|Mixed Platforms.Build.0 = Release|Any CPU
		{FB4CAC1B-F794-454C-AB58-908E3C679685}.Signed Release|x86.ActiveCfg = Release|Any CPU
		{E126DBAC-9A65-4663-AC38-C1DBBD6063FC}.Debug|Any CPU.ActiveCfg = Debug|x86
		{E126DBAC-9A65-4663-AC38-C1DBBD6063FC}.Debug|Mixed Platforms.ActiveCfg = Debug|x86
		{E126DBAC-9A65-4663-AC38-C1DBBD6063FC}.Debug|Mixed Platforms.Build.0 = Debug|x86
		{E126DBAC-9A65-4663-AC38-C1DBBD6063FC}.Debug|x86.ActiveCfg = Debug|x86
		{E126DBAC-9A65-4663-AC38-C1DBBD6063FC}.Debug|x86.Build.0 = Debug|x86
		{E126DBAC-9A65-4663-AC38-C1DBBD6063FC}.Release|Any CPU.ActiveCfg = Release|x86
		{E126DBAC-9A65-4663-AC38-C1DBBD6063FC}.Release|Mixed Platforms.ActiveCfg = Release|x86
		{E126DBAC-9A65-4663-AC38-C1DBBD6063FC}.Release|Mixed Platforms.Build.0 = Release|x86
		{E126DBAC-9A65-4663-AC38-C1DBBD6063FC}.Release|x86.ActiveCfg = Release|x86
		{E126DBAC-9A65-4663-AC38-C1DBBD6063FC}.Release|x86.Build.0 = Release|x86
		{E126DBAC-9A65-4663-AC38-C1DBBD6063FC}.Signed Release x64|Any CPU.ActiveCfg = Release|x86
		{E126DBAC-9A65-4663-AC38-C1DBBD6063FC}.Signed Release x64|Mixed Platforms.ActiveCfg = Release|x86
		{E126DBAC-9A65-4663-AC38-C1DBBD6063FC}.Signed Release x64|Mixed Platforms.Build.0 = Release|x86
		{E126DBAC-9A65-4663-AC38-C1DBBD6063FC}.Signed Release x64|x86.ActiveCfg = Release|x86
		{E126DBAC-9A65-4663-AC38-C1DBBD6063FC}.Signed Release x64|x86.Build.0 = Release|x86
		{E126DBAC-9A65-4663-AC38-C1DBBD6063FC}.Signed Release|Any CPU.ActiveCfg = Release|x86
		{E126DBAC-9A65-4663-AC38-C1DBBD6063FC}.Signed Release|Mixed Platforms.ActiveCfg = Release|x86
		{E126DBAC-9A65-4663-AC38-C1DBBD6063FC}.Signed Release|Mixed Platforms.Build.0 = Release|x86
		{E126DBAC-9A65-4663-AC38-C1DBBD6063FC}.Signed Release|x86.ActiveCfg = Release|x86
		{E126DBAC-9A65-4663-AC38-C1DBBD6063FC}.Signed Release|x86.Build.0 = Release|x86
		{51CE13E1-AD7E-4CBC-B907-4AF2E39B26BB}.Debug|Any CPU.ActiveCfg = Debug|Any CPU
		{51CE13E1-AD7E-4CBC-B907-4AF2E39B26BB}.Debug|Any CPU.Build.0 = Debug|Any CPU
		{51CE13E1-AD7E-4CBC-B907-4AF2E39B26BB}.Debug|Mixed Platforms.ActiveCfg = Debug|Any CPU
		{51CE13E1-AD7E-4CBC-B907-4AF2E39B26BB}.Debug|Mixed Platforms.Build.0 = Debug|Any CPU
		{51CE13E1-AD7E-4CBC-B907-4AF2E39B26BB}.Debug|x86.ActiveCfg = Debug|Any CPU
		{51CE13E1-AD7E-4CBC-B907-4AF2E39B26BB}.Release|Any CPU.ActiveCfg = Release|Any CPU
		{51CE13E1-AD7E-4CBC-B907-4AF2E39B26BB}.Release|Any CPU.Build.0 = Release|Any CPU
		{51CE13E1-AD7E-4CBC-B907-4AF2E39B26BB}.Release|Mixed Platforms.ActiveCfg = Release|Any CPU
		{51CE13E1-AD7E-4CBC-B907-4AF2E39B26BB}.Release|Mixed Platforms.Build.0 = Release|Any CPU
		{51CE13E1-AD7E-4CBC-B907-4AF2E39B26BB}.Release|x86.ActiveCfg = Release|Any CPU
		{51CE13E1-AD7E-4CBC-B907-4AF2E39B26BB}.Signed Release x64|Any CPU.ActiveCfg = Release|Any CPU
		{51CE13E1-AD7E-4CBC-B907-4AF2E39B26BB}.Signed Release x64|Any CPU.Build.0 = Release|Any CPU
		{51CE13E1-AD7E-4CBC-B907-4AF2E39B26BB}.Signed Release x64|Mixed Platforms.ActiveCfg = Release|Any CPU
		{51CE13E1-AD7E-4CBC-B907-4AF2E39B26BB}.Signed Release x64|Mixed Platforms.Build.0 = Release|Any CPU
		{51CE13E1-AD7E-4CBC-B907-4AF2E39B26BB}.Signed Release x64|x86.ActiveCfg = Release|Any CPU
		{51CE13E1-AD7E-4CBC-B907-4AF2E39B26BB}.Signed Release|Any CPU.ActiveCfg = Release|Any CPU
		{51CE13E1-AD7E-4CBC-B907-4AF2E39B26BB}.Signed Release|Any CPU.Build.0 = Release|Any CPU
		{51CE13E1-AD7E-4CBC-B907-4AF2E39B26BB}.Signed Release|Mixed Platforms.ActiveCfg = Release|Any CPU
		{51CE13E1-AD7E-4CBC-B907-4AF2E39B26BB}.Signed Release|Mixed Platforms.Build.0 = Release|Any CPU
		{51CE13E1-AD7E-4CBC-B907-4AF2E39B26BB}.Signed Release|x86.ActiveCfg = Release|Any CPU
		{7F497E2D-106F-46F1-B80F-BBA14241A9CF}.Debug|Any CPU.ActiveCfg = Debug|Any CPU
		{7F497E2D-106F-46F1-B80F-BBA14241A9CF}.Debug|Any CPU.Build.0 = Debug|Any CPU
		{7F497E2D-106F-46F1-B80F-BBA14241A9CF}.Debug|Mixed Platforms.ActiveCfg = Debug|Any CPU
		{7F497E2D-106F-46F1-B80F-BBA14241A9CF}.Debug|Mixed Platforms.Build.0 = Debug|Any CPU
		{7F497E2D-106F-46F1-B80F-BBA14241A9CF}.Debug|x86.ActiveCfg = Debug|Any CPU
		{7F497E2D-106F-46F1-B80F-BBA14241A9CF}.Release|Any CPU.ActiveCfg = Release|Any CPU
		{7F497E2D-106F-46F1-B80F-BBA14241A9CF}.Release|Any CPU.Build.0 = Release|Any CPU
		{7F497E2D-106F-46F1-B80F-BBA14241A9CF}.Release|Mixed Platforms.ActiveCfg = Release|Any CPU
		{7F497E2D-106F-46F1-B80F-BBA14241A9CF}.Release|Mixed Platforms.Build.0 = Release|Any CPU
		{7F497E2D-106F-46F1-B80F-BBA14241A9CF}.Release|x86.ActiveCfg = Release|Any CPU
		{7F497E2D-106F-46F1-B80F-BBA14241A9CF}.Signed Release x64|Any CPU.ActiveCfg = Release|Any CPU
		{7F497E2D-106F-46F1-B80F-BBA14241A9CF}.Signed Release x64|Any CPU.Build.0 = Release|Any CPU
		{7F497E2D-106F-46F1-B80F-BBA14241A9CF}.Signed Release x64|Mixed Platforms.ActiveCfg = Release|Any CPU
		{7F497E2D-106F-46F1-B80F-BBA14241A9CF}.Signed Release x64|Mixed Platforms.Build.0 = Release|Any CPU
		{7F497E2D-106F-46F1-B80F-BBA14241A9CF}.Signed Release x64|x86.ActiveCfg = Release|Any CPU
		{7F497E2D-106F-46F1-B80F-BBA14241A9CF}.Signed Release|Any CPU.ActiveCfg = Release|Any CPU
		{7F497E2D-106F-46F1-B80F-BBA14241A9CF}.Signed Release|Any CPU.Build.0 = Release|Any CPU
		{7F497E2D-106F-46F1-B80F-BBA14241A9CF}.Signed Release|Mixed Platforms.ActiveCfg = Release|Any CPU
		{7F497E2D-106F-46F1-B80F-BBA14241A9CF}.Signed Release|Mixed Platforms.Build.0 = Release|Any CPU
		{7F497E2D-106F-46F1-B80F-BBA14241A9CF}.Signed Release|x86.ActiveCfg = Release|Any CPU
		{CE538C7E-FFEE-4B16-A6E6-8B6E64F43E0F}.Debug|Any CPU.ActiveCfg = Debug|Any CPU
		{CE538C7E-FFEE-4B16-A6E6-8B6E64F43E0F}.Debug|Any CPU.Build.0 = Debug|Any CPU
		{CE538C7E-FFEE-4B16-A6E6-8B6E64F43E0F}.Debug|Mixed Platforms.ActiveCfg = Debug|Any CPU
		{CE538C7E-FFEE-4B16-A6E6-8B6E64F43E0F}.Debug|Mixed Platforms.Build.0 = Debug|Any CPU
		{CE538C7E-FFEE-4B16-A6E6-8B6E64F43E0F}.Debug|x86.ActiveCfg = Debug|Any CPU
		{CE538C7E-FFEE-4B16-A6E6-8B6E64F43E0F}.Release|Any CPU.ActiveCfg = Release|Any CPU
		{CE538C7E-FFEE-4B16-A6E6-8B6E64F43E0F}.Release|Any CPU.Build.0 = Release|Any CPU
		{CE538C7E-FFEE-4B16-A6E6-8B6E64F43E0F}.Release|Mixed Platforms.ActiveCfg = Release|Any CPU
		{CE538C7E-FFEE-4B16-A6E6-8B6E64F43E0F}.Release|Mixed Platforms.Build.0 = Release|Any CPU
		{CE538C7E-FFEE-4B16-A6E6-8B6E64F43E0F}.Release|x86.ActiveCfg = Release|Any CPU
		{CE538C7E-FFEE-4B16-A6E6-8B6E64F43E0F}.Signed Release x64|Any CPU.ActiveCfg = Release|Any CPU
		{CE538C7E-FFEE-4B16-A6E6-8B6E64F43E0F}.Signed Release x64|Any CPU.Build.0 = Release|Any CPU
		{CE538C7E-FFEE-4B16-A6E6-8B6E64F43E0F}.Signed Release x64|Mixed Platforms.ActiveCfg = Release|Any CPU
		{CE538C7E-FFEE-4B16-A6E6-8B6E64F43E0F}.Signed Release x64|Mixed Platforms.Build.0 = Release|Any CPU
		{CE538C7E-FFEE-4B16-A6E6-8B6E64F43E0F}.Signed Release x64|x86.ActiveCfg = Release|Any CPU
		{CE538C7E-FFEE-4B16-A6E6-8B6E64F43E0F}.Signed Release|Any CPU.ActiveCfg = Release|Any CPU
		{CE538C7E-FFEE-4B16-A6E6-8B6E64F43E0F}.Signed Release|Any CPU.Build.0 = Release|Any CPU
		{CE538C7E-FFEE-4B16-A6E6-8B6E64F43E0F}.Signed Release|Mixed Platforms.ActiveCfg = Release|Any CPU
		{CE538C7E-FFEE-4B16-A6E6-8B6E64F43E0F}.Signed Release|Mixed Platforms.Build.0 = Release|Any CPU
		{CE538C7E-FFEE-4B16-A6E6-8B6E64F43E0F}.Signed Release|x86.ActiveCfg = Release|Any CPU
		{04F9C87A-3888-414C-AE97-E5160F32F1BF}.Debug|Any CPU.ActiveCfg = Debug|Any CPU
		{04F9C87A-3888-414C-AE97-E5160F32F1BF}.Debug|Any CPU.Build.0 = Debug|Any CPU
		{04F9C87A-3888-414C-AE97-E5160F32F1BF}.Debug|Mixed Platforms.ActiveCfg = Debug|Any CPU
		{04F9C87A-3888-414C-AE97-E5160F32F1BF}.Debug|Mixed Platforms.Build.0 = Debug|Any CPU
		{04F9C87A-3888-414C-AE97-E5160F32F1BF}.Debug|x86.ActiveCfg = Debug|Any CPU
		{04F9C87A-3888-414C-AE97-E5160F32F1BF}.Release|Any CPU.ActiveCfg = Release|Any CPU
		{04F9C87A-3888-414C-AE97-E5160F32F1BF}.Release|Any CPU.Build.0 = Release|Any CPU
		{04F9C87A-3888-414C-AE97-E5160F32F1BF}.Release|Mixed Platforms.ActiveCfg = Release|Any CPU
		{04F9C87A-3888-414C-AE97-E5160F32F1BF}.Release|Mixed Platforms.Build.0 = Release|Any CPU
		{04F9C87A-3888-414C-AE97-E5160F32F1BF}.Release|x86.ActiveCfg = Release|Any CPU
		{04F9C87A-3888-414C-AE97-E5160F32F1BF}.Signed Release x64|Any CPU.ActiveCfg = Release|Any CPU
		{04F9C87A-3888-414C-AE97-E5160F32F1BF}.Signed Release x64|Any CPU.Build.0 = Release|Any CPU
		{04F9C87A-3888-414C-AE97-E5160F32F1BF}.Signed Release x64|Mixed Platforms.ActiveCfg = Release|Any CPU
		{04F9C87A-3888-414C-AE97-E5160F32F1BF}.Signed Release x64|Mixed Platforms.Build.0 = Release|Any CPU
		{04F9C87A-3888-414C-AE97-E5160F32F1BF}.Signed Release x64|x86.ActiveCfg = Release|Any CPU
		{04F9C87A-3888-414C-AE97-E5160F32F1BF}.Signed Release|Any CPU.ActiveCfg = Release|Any CPU
		{04F9C87A-3888-414C-AE97-E5160F32F1BF}.Signed Release|Any CPU.Build.0 = Release|Any CPU
		{04F9C87A-3888-414C-AE97-E5160F32F1BF}.Signed Release|Mixed Platforms.ActiveCfg = Release|Any CPU
		{04F9C87A-3888-414C-AE97-E5160F32F1BF}.Signed Release|Mixed Platforms.Build.0 = Release|Any CPU
		{04F9C87A-3888-414C-AE97-E5160F32F1BF}.Signed Release|x86.ActiveCfg = Release|Any CPU
		{DB81988F-E0F2-45A0-A1FD-8C37F3D35244}.Debug|Any CPU.ActiveCfg = Debug|Any CPU
		{DB81988F-E0F2-45A0-A1FD-8C37F3D35244}.Debug|Any CPU.Build.0 = Debug|Any CPU
		{DB81988F-E0F2-45A0-A1FD-8C37F3D35244}.Debug|Mixed Platforms.ActiveCfg = Debug|Any CPU
		{DB81988F-E0F2-45A0-A1FD-8C37F3D35244}.Debug|Mixed Platforms.Build.0 = Debug|Any CPU
		{DB81988F-E0F2-45A0-A1FD-8C37F3D35244}.Debug|x86.ActiveCfg = Debug|Any CPU
		{DB81988F-E0F2-45A0-A1FD-8C37F3D35244}.Release|Any CPU.ActiveCfg = Release|Any CPU
		{DB81988F-E0F2-45A0-A1FD-8C37F3D35244}.Release|Any CPU.Build.0 = Release|Any CPU
		{DB81988F-E0F2-45A0-A1FD-8C37F3D35244}.Release|Mixed Platforms.ActiveCfg = Release|Any CPU
		{DB81988F-E0F2-45A0-A1FD-8C37F3D35244}.Release|Mixed Platforms.Build.0 = Release|Any CPU
		{DB81988F-E0F2-45A0-A1FD-8C37F3D35244}.Release|x86.ActiveCfg = Release|Any CPU
		{DB81988F-E0F2-45A0-A1FD-8C37F3D35244}.Signed Release x64|Any CPU.ActiveCfg = Release|Any CPU
		{DB81988F-E0F2-45A0-A1FD-8C37F3D35244}.Signed Release x64|Any CPU.Build.0 = Release|Any CPU
		{DB81988F-E0F2-45A0-A1FD-8C37F3D35244}.Signed Release x64|Mixed Platforms.ActiveCfg = Release|Any CPU
		{DB81988F-E0F2-45A0-A1FD-8C37F3D35244}.Signed Release x64|Mixed Platforms.Build.0 = Release|Any CPU
		{DB81988F-E0F2-45A0-A1FD-8C37F3D35244}.Signed Release x64|x86.ActiveCfg = Release|Any CPU
		{DB81988F-E0F2-45A0-A1FD-8C37F3D35244}.Signed Release|Any CPU.ActiveCfg = Release|Any CPU
		{DB81988F-E0F2-45A0-A1FD-8C37F3D35244}.Signed Release|Any CPU.Build.0 = Release|Any CPU
		{DB81988F-E0F2-45A0-A1FD-8C37F3D35244}.Signed Release|Mixed Platforms.ActiveCfg = Release|Any CPU
		{DB81988F-E0F2-45A0-A1FD-8C37F3D35244}.Signed Release|Mixed Platforms.Build.0 = Release|Any CPU
		{DB81988F-E0F2-45A0-A1FD-8C37F3D35244}.Signed Release|x86.ActiveCfg = Release|Any CPU
		{05AE8764-EB14-4846-95F9-1677EF72C0FC}.Debug|Any CPU.ActiveCfg = Debug|Any CPU
		{05AE8764-EB14-4846-95F9-1677EF72C0FC}.Debug|Any CPU.Build.0 = Debug|Any CPU
		{05AE8764-EB14-4846-95F9-1677EF72C0FC}.Debug|Mixed Platforms.ActiveCfg = Debug|Any CPU
		{05AE8764-EB14-4846-95F9-1677EF72C0FC}.Debug|Mixed Platforms.Build.0 = Debug|Any CPU
		{05AE8764-EB14-4846-95F9-1677EF72C0FC}.Debug|x86.ActiveCfg = Debug|Any CPU
		{05AE8764-EB14-4846-95F9-1677EF72C0FC}.Release|Any CPU.ActiveCfg = Release|Any CPU
		{05AE8764-EB14-4846-95F9-1677EF72C0FC}.Release|Any CPU.Build.0 = Release|Any CPU
		{05AE8764-EB14-4846-95F9-1677EF72C0FC}.Release|Mixed Platforms.ActiveCfg = Release|Any CPU
		{05AE8764-EB14-4846-95F9-1677EF72C0FC}.Release|Mixed Platforms.Build.0 = Release|Any CPU
		{05AE8764-EB14-4846-95F9-1677EF72C0FC}.Release|x86.ActiveCfg = Release|Any CPU
		{05AE8764-EB14-4846-95F9-1677EF72C0FC}.Signed Release x64|Any CPU.ActiveCfg = Release|Any CPU
		{05AE8764-EB14-4846-95F9-1677EF72C0FC}.Signed Release x64|Any CPU.Build.0 = Release|Any CPU
		{05AE8764-EB14-4846-95F9-1677EF72C0FC}.Signed Release x64|Mixed Platforms.ActiveCfg = Release|Any CPU
		{05AE8764-EB14-4846-95F9-1677EF72C0FC}.Signed Release x64|Mixed Platforms.Build.0 = Release|Any CPU
		{05AE8764-EB14-4846-95F9-1677EF72C0FC}.Signed Release x64|x86.ActiveCfg = Release|Any CPU
		{05AE8764-EB14-4846-95F9-1677EF72C0FC}.Signed Release|Any CPU.ActiveCfg = Release|Any CPU
		{05AE8764-EB14-4846-95F9-1677EF72C0FC}.Signed Release|Any CPU.Build.0 = Release|Any CPU
		{05AE8764-EB14-4846-95F9-1677EF72C0FC}.Signed Release|Mixed Platforms.ActiveCfg = Release|Any CPU
		{05AE8764-EB14-4846-95F9-1677EF72C0FC}.Signed Release|Mixed Platforms.Build.0 = Release|Any CPU
		{05AE8764-EB14-4846-95F9-1677EF72C0FC}.Signed Release|x86.ActiveCfg = Release|Any CPU
		{930287ED-1E76-478A-B140-CA1705DE7B96}.Debug|Any CPU.ActiveCfg = Debug|Any CPU
		{930287ED-1E76-478A-B140-CA1705DE7B96}.Debug|Any CPU.Build.0 = Debug|Any CPU
		{930287ED-1E76-478A-B140-CA1705DE7B96}.Debug|Mixed Platforms.ActiveCfg = Debug|Any CPU
		{930287ED-1E76-478A-B140-CA1705DE7B96}.Debug|Mixed Platforms.Build.0 = Debug|Any CPU
		{930287ED-1E76-478A-B140-CA1705DE7B96}.Debug|x86.ActiveCfg = Debug|Any CPU
		{930287ED-1E76-478A-B140-CA1705DE7B96}.Release|Any CPU.ActiveCfg = Release|Any CPU
		{930287ED-1E76-478A-B140-CA1705DE7B96}.Release|Any CPU.Build.0 = Release|Any CPU
		{930287ED-1E76-478A-B140-CA1705DE7B96}.Release|Mixed Platforms.ActiveCfg = Release|Any CPU
		{930287ED-1E76-478A-B140-CA1705DE7B96}.Release|Mixed Platforms.Build.0 = Release|Any CPU
		{930287ED-1E76-478A-B140-CA1705DE7B96}.Release|x86.ActiveCfg = Release|Any CPU
		{930287ED-1E76-478A-B140-CA1705DE7B96}.Signed Release x64|Any CPU.ActiveCfg = Release|Any CPU
		{930287ED-1E76-478A-B140-CA1705DE7B96}.Signed Release x64|Any CPU.Build.0 = Release|Any CPU
		{930287ED-1E76-478A-B140-CA1705DE7B96}.Signed Release x64|Mixed Platforms.ActiveCfg = Release|Any CPU
		{930287ED-1E76-478A-B140-CA1705DE7B96}.Signed Release x64|Mixed Platforms.Build.0 = Release|Any CPU
		{930287ED-1E76-478A-B140-CA1705DE7B96}.Signed Release x64|x86.ActiveCfg = Release|Any CPU
		{930287ED-1E76-478A-B140-CA1705DE7B96}.Signed Release|Any CPU.ActiveCfg = Release|Any CPU
		{930287ED-1E76-478A-B140-CA1705DE7B96}.Signed Release|Any CPU.Build.0 = Release|Any CPU
		{930287ED-1E76-478A-B140-CA1705DE7B96}.Signed Release|Mixed Platforms.ActiveCfg = Release|Any CPU
		{930287ED-1E76-478A-B140-CA1705DE7B96}.Signed Release|Mixed Platforms.Build.0 = Release|Any CPU
		{930287ED-1E76-478A-B140-CA1705DE7B96}.Signed Release|x86.ActiveCfg = Release|Any CPU
		{A425B85D-C3EB-4BCC-B307-17DAAEE9237D}.Debug|Any CPU.ActiveCfg = Debug|Any CPU
		{A425B85D-C3EB-4BCC-B307-17DAAEE9237D}.Debug|Any CPU.Build.0 = Debug|Any CPU
		{A425B85D-C3EB-4BCC-B307-17DAAEE9237D}.Debug|Mixed Platforms.ActiveCfg = Debug|Any CPU
		{A425B85D-C3EB-4BCC-B307-17DAAEE9237D}.Debug|Mixed Platforms.Build.0 = Debug|Any CPU
		{A425B85D-C3EB-4BCC-B307-17DAAEE9237D}.Debug|x86.ActiveCfg = Debug|Any CPU
		{A425B85D-C3EB-4BCC-B307-17DAAEE9237D}.Release|Any CPU.ActiveCfg = Release|Any CPU
		{A425B85D-C3EB-4BCC-B307-17DAAEE9237D}.Release|Any CPU.Build.0 = Release|Any CPU
		{A425B85D-C3EB-4BCC-B307-17DAAEE9237D}.Release|Mixed Platforms.ActiveCfg = Release|Any CPU
		{A425B85D-C3EB-4BCC-B307-17DAAEE9237D}.Release|Mixed Platforms.Build.0 = Release|Any CPU
		{A425B85D-C3EB-4BCC-B307-17DAAEE9237D}.Release|x86.ActiveCfg = Release|Any CPU
		{A425B85D-C3EB-4BCC-B307-17DAAEE9237D}.Signed Release x64|Any CPU.ActiveCfg = Release|Any CPU
		{A425B85D-C3EB-4BCC-B307-17DAAEE9237D}.Signed Release x64|Any CPU.Build.0 = Release|Any CPU
		{A425B85D-C3EB-4BCC-B307-17DAAEE9237D}.Signed Release x64|Mixed Platforms.ActiveCfg = Release|Any CPU
		{A425B85D-C3EB-4BCC-B307-17DAAEE9237D}.Signed Release x64|Mixed Platforms.Build.0 = Release|Any CPU
		{A425B85D-C3EB-4BCC-B307-17DAAEE9237D}.Signed Release x64|x86.ActiveCfg = Release|Any CPU
		{A425B85D-C3EB-4BCC-B307-17DAAEE9237D}.Signed Release|Any CPU.ActiveCfg = Release|Any CPU
		{A425B85D-C3EB-4BCC-B307-17DAAEE9237D}.Signed Release|Any CPU.Build.0 = Release|Any CPU
		{A425B85D-C3EB-4BCC-B307-17DAAEE9237D}.Signed Release|Mixed Platforms.ActiveCfg = Release|Any CPU
		{A425B85D-C3EB-4BCC-B307-17DAAEE9237D}.Signed Release|Mixed Platforms.Build.0 = Release|Any CPU
		{A425B85D-C3EB-4BCC-B307-17DAAEE9237D}.Signed Release|x86.ActiveCfg = Release|Any CPU
		{7BAA5615-1224-4F30-8E69-8EC0B3C1E5AB}.Debug|Any CPU.ActiveCfg = Debug|Any CPU
		{7BAA5615-1224-4F30-8E69-8EC0B3C1E5AB}.Debug|Any CPU.Build.0 = Debug|Any CPU
		{7BAA5615-1224-4F30-8E69-8EC0B3C1E5AB}.Debug|Mixed Platforms.ActiveCfg = Debug|Any CPU
		{7BAA5615-1224-4F30-8E69-8EC0B3C1E5AB}.Debug|Mixed Platforms.Build.0 = Debug|Any CPU
		{7BAA5615-1224-4F30-8E69-8EC0B3C1E5AB}.Debug|x86.ActiveCfg = Debug|Any CPU
		{7BAA5615-1224-4F30-8E69-8EC0B3C1E5AB}.Release|Any CPU.ActiveCfg = Release|Any CPU
		{7BAA5615-1224-4F30-8E69-8EC0B3C1E5AB}.Release|Any CPU.Build.0 = Release|Any CPU
		{7BAA5615-1224-4F30-8E69-8EC0B3C1E5AB}.Release|Mixed Platforms.ActiveCfg = Release|Any CPU
		{7BAA5615-1224-4F30-8E69-8EC0B3C1E5AB}.Release|Mixed Platforms.Build.0 = Release|Any CPU
		{7BAA5615-1224-4F30-8E69-8EC0B3C1E5AB}.Release|x86.ActiveCfg = Release|Any CPU
		{7BAA5615-1224-4F30-8E69-8EC0B3C1E5AB}.Signed Release x64|Any CPU.ActiveCfg = Release|Any CPU
		{7BAA5615-1224-4F30-8E69-8EC0B3C1E5AB}.Signed Release x64|Any CPU.Build.0 = Release|Any CPU
		{7BAA5615-1224-4F30-8E69-8EC0B3C1E5AB}.Signed Release x64|Mixed Platforms.ActiveCfg = Release|Any CPU
		{7BAA5615-1224-4F30-8E69-8EC0B3C1E5AB}.Signed Release x64|Mixed Platforms.Build.0 = Release|Any CPU
		{7BAA5615-1224-4F30-8E69-8EC0B3C1E5AB}.Signed Release x64|x86.ActiveCfg = Release|Any CPU
		{7BAA5615-1224-4F30-8E69-8EC0B3C1E5AB}.Signed Release|Any CPU.ActiveCfg = Release|Any CPU
		{7BAA5615-1224-4F30-8E69-8EC0B3C1E5AB}.Signed Release|Any CPU.Build.0 = Release|Any CPU
		{7BAA5615-1224-4F30-8E69-8EC0B3C1E5AB}.Signed Release|Mixed Platforms.ActiveCfg = Release|Any CPU
		{7BAA5615-1224-4F30-8E69-8EC0B3C1E5AB}.Signed Release|Mixed Platforms.Build.0 = Release|Any CPU
		{7BAA5615-1224-4F30-8E69-8EC0B3C1E5AB}.Signed Release|x86.ActiveCfg = Release|Any CPU
		{BA62E2B2-7F7C-4F0B-B1E9-CC3F719614CF}.Debug|Any CPU.ActiveCfg = Debug|Any CPU
		{BA62E2B2-7F7C-4F0B-B1E9-CC3F719614CF}.Debug|Any CPU.Build.0 = Debug|Any CPU
		{BA62E2B2-7F7C-4F0B-B1E9-CC3F719614CF}.Debug|Mixed Platforms.ActiveCfg = Debug|Any CPU
		{BA62E2B2-7F7C-4F0B-B1E9-CC3F719614CF}.Debug|Mixed Platforms.Build.0 = Debug|Any CPU
		{BA62E2B2-7F7C-4F0B-B1E9-CC3F719614CF}.Debug|x86.ActiveCfg = Debug|Any CPU
		{BA62E2B2-7F7C-4F0B-B1E9-CC3F719614CF}.Release|Any CPU.ActiveCfg = Release|Any CPU
		{BA62E2B2-7F7C-4F0B-B1E9-CC3F719614CF}.Release|Any CPU.Build.0 = Release|Any CPU
		{BA62E2B2-7F7C-4F0B-B1E9-CC3F719614CF}.Release|Mixed Platforms.ActiveCfg = Release|Any CPU
		{BA62E2B2-7F7C-4F0B-B1E9-CC3F719614CF}.Release|Mixed Platforms.Build.0 = Release|Any CPU
		{BA62E2B2-7F7C-4F0B-B1E9-CC3F719614CF}.Release|x86.ActiveCfg = Release|Any CPU
		{BA62E2B2-7F7C-4F0B-B1E9-CC3F719614CF}.Signed Release x64|Any CPU.ActiveCfg = Release|Any CPU
		{BA62E2B2-7F7C-4F0B-B1E9-CC3F719614CF}.Signed Release x64|Any CPU.Build.0 = Release|Any CPU
		{BA62E2B2-7F7C-4F0B-B1E9-CC3F719614CF}.Signed Release x64|Mixed Platforms.ActiveCfg = Release|Any CPU
		{BA62E2B2-7F7C-4F0B-B1E9-CC3F719614CF}.Signed Release x64|Mixed Platforms.Build.0 = Release|Any CPU
		{BA62E2B2-7F7C-4F0B-B1E9-CC3F719614CF}.Signed Release x64|x86.ActiveCfg = Release|Any CPU
		{BA62E2B2-7F7C-4F0B-B1E9-CC3F719614CF}.Signed Release|Any CPU.ActiveCfg = Release|Any CPU
		{BA62E2B2-7F7C-4F0B-B1E9-CC3F719614CF}.Signed Release|Any CPU.Build.0 = Release|Any CPU
		{BA62E2B2-7F7C-4F0B-B1E9-CC3F719614CF}.Signed Release|Mixed Platforms.ActiveCfg = Release|Any CPU
		{BA62E2B2-7F7C-4F0B-B1E9-CC3F719614CF}.Signed Release|Mixed Platforms.Build.0 = Release|Any CPU
		{BA62E2B2-7F7C-4F0B-B1E9-CC3F719614CF}.Signed Release|x86.ActiveCfg = Release|Any CPU
	EndGlobalSection
	GlobalSection(SolutionProperties) = preSolution
		HideSolutionNode = FALSE
	EndGlobalSection
	GlobalSection(NestedProjects) = preSolution
		{FC8CCD6D-7A06-43A1-BDE5-2024A408DE1D} = {9AD1B220-48A3-43C2-8347-2F3560C5A742}
		{EC37832A-A5EE-41B9-BFAF-1929A7E43755} = {9AD1B220-48A3-43C2-8347-2F3560C5A742}
		{0C6674CC-6D49-414A-9B41-D4E175028FFB} = {9AD1B220-48A3-43C2-8347-2F3560C5A742}
		{C7EBAD5A-05AE-49B9-AFC5-ED9A5820C41D} = {06501F49-2306-4A46-A424-7C09F3679240}
		{C6603745-93B9-49C0-B90D-CA0791A87106} = {06501F49-2306-4A46-A424-7C09F3679240}
		{FB4CAC1B-F794-454C-AB58-908E3C679685} = {9AD1B220-48A3-43C2-8347-2F3560C5A742}
		{51CE13E1-AD7E-4CBC-B907-4AF2E39B26BB} = {9AD1B220-48A3-43C2-8347-2F3560C5A742}
		{04F9C87A-3888-414C-AE97-E5160F32F1BF} = {A2B9F0DE-837F-4A59-9C4D-8881ED979474}
		{05AE8764-EB14-4846-95F9-1677EF72C0FC} = {9AD1B220-48A3-43C2-8347-2F3560C5A742}
		{930287ED-1E76-478A-B140-CA1705DE7B96} = {9AD1B220-48A3-43C2-8347-2F3560C5A742}
	EndGlobalSection
EndGlobal
